
Microsoft Visual Studio Solution File, Format Version 12.00
# Visual Studio Version 16
VisualStudioVersion = 16.0.30320.27
MinimumVisualStudioVersion = 10.0.40219.1
Project("{FAE04EC0-301F-11D3-BF4B-00C04F79EFBC}") = "OdeToFood.Web", "OdeToFood.Web\OdeToFood.Web.csproj", "{796947B4-D0DA-468A-AE83-37C5C3AE3D71}"
EndProject
Project("{FAE04EC0-301F-11D3-BF4B-00C04F79EFBC}") = "OdeToFood.Data", "OdeToFood.Data\OdeToFood.Data.csproj", "{FD493DB5-3602-4A85-8E5E-6DA7E3FBB7B9}"
EndProject
Global
	GlobalSection(SolutionConfigurationPlatforms) = preSolution
		Debug|Any CPU = Debug|Any CPU
		Release|Any CPU = Release|Any CPU
	EndGlobalSection
	GlobalSection(ProjectConfigurationPlatforms) = postSolution
		{796947B4-D0DA-468A-AE83-37C5C3AE3D71}.Debug|Any CPU.ActiveCfg = Debug|Any CPU
		{796947B4-D0DA-468A-AE83-37C5C3AE3D71}.Debug|Any CPU.Build.0 = Debug|Any CPU
		{796947B4-D0DA-468A-AE83-37C5C3AE3D71}.Release|Any CPU.ActiveCfg = Release|Any CPU
		{796947B4-D0DA-468A-AE83-37C5C3AE3D71}.Release|Any CPU.Build.0 = Release|Any CPU
		{FD493DB5-3602-4A85-8E5E-6DA7E3FBB7B9}.Debug|Any CPU.ActiveCfg = Debug|Any CPU
		{FD493DB5-3602-4A85-8E5E-6DA7E3FBB7B9}.Debug|Any CPU.Build.0 = Debug|Any CPU
		{FD493DB5-3602-4A85-8E5E-6DA7E3FBB7B9}.Release|Any CPU.ActiveCfg = Release|Any CPU
		{FD493DB5-3602-4A85-8E5E-6DA7E3FBB7B9}.Release|Any CPU.Build.0 = Release|Any CPU
	EndGlobalSection
	GlobalSection(SolutionProperties) = preSolution
		HideSolutionNode = FALSE
	EndGlobalSection
	GlobalSection(ExtensibilityGlobals) = postSolution
		SolutionGuid = {676ACDC3-3496-4A99-8599-29F172AC08FC}
	EndGlobalSection
EndGlobal
